Microsoft Visual Studio Solution File, Format Version 12.00
# Visual Studio Version 17
VisualStudioVersion = 17.0.31903.59
MinimumVisualStudioVersion = 10.0.40219.1
Project("{FAE04EC0-301F-11D3-BF4B-00C04F79EFBC}") = "VSMcp.Server", "VSMcp.Server\VSMcp.Server.csproj", "{2D02C0A7-6D8C-4DB5-BF48-AF23F269E4B2}"
EndProject
Project("{FAE04EC0-301F-11D3-BF4B-00C04F79EFBC}") = "VSMcp.Client", "VSMcp.Client\VSMcp.Client.csproj", "{9CCC833C-224E-4E63-A6BA-9FA6162711EE}"
EndProject
Project("{FAE04EC0-301F-11D3-BF4B-00C04F79EFBC}") = "VSMcp.Extension", "VSMcp.Extension\VSMcp.Extension.csproj", "{EB9399BB-97A7-443A-A3F1-8F1A092DB116}"
EndProject
Global
	GlobalSection(SolutionConfigurationPlatforms) = preSolution
		Debug|Any CPU = Debug|Any CPU
		Release|Any CPU = Release|Any CPU
	EndGlobalSection
	GlobalSection(ProjectConfigurationPlatforms) = postSolution
		{2D02C0A7-6D8C-4DB5-BF48-AF23F269E4B2}.Debug|Any CPU.ActiveCfg = Debug|Any CPU
		{2D02C0A7-6D8C-4DB5-BF48-AF23F269E4B2}.Debug|Any CPU.Build.0 = Debug|Any CPU
		{2D02C0A7-6D8C-4DB5-BF48-AF23F269E4B2}.Release|Any CPU.ActiveCfg = Release|Any CPU
		{2D02C0A7-6D8C-4DB5-BF48-AF23F269E4B2}.Release|Any CPU.Build.0 = Release|Any CPU
		{9CCC833C-224E-4E63-A6BA-9FA6162711EE}.Debug|Any CPU.ActiveCfg = Debug|Any CPU
		{9CCC833C-224E-4E63-A6BA-9FA6162711EE}.Debug|Any CPU.Build.0 = Debug|Any CPU
		{9CCC833C-224E-4E63-A6BA-9FA6162711EE}.Release|Any CPU.ActiveCfg = Release|Any CPU
		{9CCC833C-224E-4E63-A6BA-9FA6162711EE}.Release|Any CPU.Build.0 = Release|Any CPU
		{EB9399BB-97A7-443A-A3F1-8F1A092DB116}.Debug|Any CPU.ActiveCfg = Debug|Any CPU
		{EB9399BB-97A7-443A-A3F1-8F1A092DB116}.Debug|Any CPU.Build.0 = Debug|Any CPU
		{EB9399BB-97A7-443A-A3F1-8F1A092DB116}.Release|Any CPU.ActiveCfg = Release|Any CPU
		{EB9399BB-97A7-443A-A3F1-8F1A092DB116}.Release|Any CPU.Build.0 = Release|Any CPU
	EndGlobalSection
EndGlobal
